
Microsoft Visual Studio Solution File, Format Version 12.00
# Visual Studio Version 16
VisualStudioVersion = 16.0.30711.63
MinimumVisualStudioVersion = 10.0.40219.1
Project("{9A19103F-16F7-4668-BE54-9A1E7A4F7556}") = "BlazorApp1", "BlazorApp1\BlazorApp1.csproj", "{8840FFF9-2179-4E99-BD1D-F41ECF8746FE}"
EndProject
Project("{FAE04EC0-301F-11D3-BF4B-00C04F79EFBC}") = "WebApplication", "WebApplication\WebApplication.csproj", "{D43B5FFE-55B0-40F1-9663-08837478428F}"
EndProject
Project("{FAE04EC0-301F-11D3-BF4B-00C04F79EFBC}") = "Model", "Model\Model.csproj", "{A692F2BA-C011-41E6-9125-88B79E08AFA1}"
EndProject
Global
	GlobalSection(SolutionConfigurationPlatforms) = preSolution
		Debug|Any CPU = Debug|Any CPU
		Release|Any CPU = Release|Any CPU
	EndGlobalSection
	GlobalSection(ProjectConfigurationPlatforms) = postSolution
		{8840FFF9-2179-4E99-BD1D-F41ECF8746FE}.Debug|Any CPU.ActiveCfg = Debug|Any CPU
		{8840FFF9-2179-4E99-BD1D-F41ECF8746FE}.Debug|Any CPU.Build.0 = Debug|Any CPU
		{8840FFF9-2179-4E99-BD1D-F41ECF8746FE}.Release|Any CPU.ActiveCfg = Release|Any CPU
		{8840FFF9-2179-4E99-BD1D-F41ECF8746FE}.Release|Any CPU.Build.0 = Release|Any CPU
		{D43B5FFE-55B0-40F1-9663-08837478428F}.Debug|Any CPU.ActiveCfg = Debug|Any CPU
		{D43B5FFE-55B0-40F1-9663-08837478428F}.Debug|Any CPU.Build.0 = Debug|Any CPU
		{D43B5FFE-55B0-40F1-9663-08837478428F}.Release|Any CPU.ActiveCfg = Release|Any CPU
		{D43B5FFE-55B0-40F1-9663-08837478428F}.Release|Any CPU.Build.0 = Release|Any CPU
		{A692F2BA-C011-41E6-9125-88B79E08AFA1}.Debug|Any CPU.ActiveCfg = Debug|Any CPU
		{A692F2BA-C011-41E6-9125-88B79E08AFA1}.Debug|Any CPU.Build.0 = Debug|Any CPU
		{A692F2BA-C011-41E6-9125-88B79E08AFA1}.Release|Any CPU.ActiveCfg = Release|Any CPU
		{A692F2BA-C011-41E6-9125-88B79E08AFA1}.Release|Any CPU.Build.0 = Release|Any CPU
	EndGlobalSection
	GlobalSection(SolutionProperties) = preSolution
		HideSolutionNode = FALSE
	EndGlobalSection
	GlobalSection(ExtensibilityGlobals) = postSolution
		SolutionGuid = {6E787AE9-8B1B-435D-8CA5-DDEF096DDBB4}
	EndGlobalSection
EndGlobal
